
Microsoft Visual Studio Solution File, Format Version 12.00
# Visual Studio Version 16
VisualStudioVersion = 16.0.30114.105
MinimumVisualStudioVersion = 10.0.40219.1
Project("{FAE04EC0-301F-11D3-BF4B-00C04F79EFBC}") = "LeakSort", "LeakSort\LeakSort.csproj", "{FC97BF6B-9662-470F-A04E-639B2DA881C3}"
EndProject
Global
	GlobalSection(SolutionConfigurationPlatforms) = preSolution
		Debug|Any CPU = Debug|Any CPU
		Release|Any CPU = Release|Any CPU
	EndGlobalSection
	GlobalSection(ProjectConfigurationPlatforms) = postSolution
		{FC97BF6B-9662-470F-A04E-639B2DA881C3}.Debug|Any CPU.ActiveCfg = Debug|Any CPU
		{FC97BF6B-9662-470F-A04E-639B2DA881C3}.Debug|Any CPU.Build.0 = Debug|Any CPU
		{FC97BF6B-9662-470F-A04E-639B2DA881C3}.Release|Any CPU.ActiveCfg = Release|Any CPU
		{FC97BF6B-9662-470F-A04E-639B2DA881C3}.Release|Any CPU.Build.0 = Release|Any CPU
	EndGlobalSection
	GlobalSection(SolutionProperties) = preSolution
		HideSolutionNode = FALSE
	EndGlobalSection
	GlobalSection(ExtensibilityGlobals) = postSolution
		SolutionGuid = {A73B0114-030F-4D8D-B13C-2E4B83217E36}
	EndGlobalSection
EndGlobal
